{
    "_readme": [
        "This file locks the dependencies of your project to a known state",
        "Read more about it at https://getcomposer.org/doc/01-basic-usage.md#installing-dependencies",
        "This file is @generated automatically"
    ],
    "content-hash": "4f3fcb130f3e7286da5bd9f77ece9be3",
    "packages": [
        {
            "name": "hyperf/engine",
            "version": "v1.1.6",
            "source": {
                "type": "git",
                "url": "https://github.com/hyperf/engine.git",
                "reference": "f583f01f458f8c69080e06e6dce715c86edc9f86"
            },
            "dist": {
                "type": "zip",
                "url": "https://api.github.com/repos/hyperf/engine/zipball/f583f01f458f8c69080e06e6dce715c86edc9f86",
                "reference": "f583f01f458f8c69080e06e6dce715c86edc9f86",
                "shasum": ""
            },
            "require": {
                "php": ">=7.3"
            },
            "require-dev": {
                "friendsofphp/php-cs-fixer": "^3.0",
                "phpstan/phpstan": "^0.12",
                "phpunit/phpunit": "^9.4",
                "swoole/ide-helper": "dev-master"
            },
            "type": "library",
            "extra": {
                "branch-alias": {
                    "dev-master": "1.0-dev"
                }
            },
            "autoload": {
                "psr-4": {
                    "Hyperf\\Engine\\": "src/"
                }
            },
            "notification-url": "https://packagist.org/downloads/",
            "license": [
                "MIT"
            ],
            "keywords": [
                "hyperf",
                "php"
            ],
            "support": {
                "issues": "https://github.com/hyperf/engine/issues",
                "source": "https://github.com/hyperf/engine/tree/v1.1.6"
            },
            "time": "2021-07-11T10:22:13+00:00"
        }
    ],
    "packages-dev": [],
    "aliases": [],
    "minimum-stability": "stable",
    "stability-flags": [],
    "prefer-stable": false,
    "prefer-lowest": false,
    "platform": [],
    "platform-dev": [],
    "plugin-api-version": "2.1.0"
}
